Microsoft Visual Studio Solution File, Format Version 12.00
# Visual Studio Version 17
VisualStudioVersion = 17.5.2.0
MinimumVisualStudioVersion = 10.0.40219.1
Project("{FAE04EC0-301F-11D3-BF4B-00C04F79EFBC}") = "MongoImporter", "MongoImporter.csproj", "{53C0E497-7179-F780-95AF-4F9442453017}"
EndProject
Global
	GlobalSection(SolutionConfigurationPlatforms) = preSolution
		Debug|Any CPU = Debug|Any CPU
		Release|Any CPU = Release|Any CPU
	EndGlobalSection
	GlobalSection(ProjectConfigurationPlatforms) = postSolution
		{53C0E497-7179-F780-95AF-4F9442453017}.Debug|Any CPU.ActiveCfg = Debug|Any CPU
		{53C0E497-7179-F780-95AF-4F9442453017}.Debug|Any CPU.Build.0 = Debug|Any CPU
		{53C0E497-7179-F780-95AF-4F9442453017}.Release|Any CPU.ActiveCfg = Release|Any CPU
		{53C0E497-7179-F780-95AF-4F9442453017}.Release|Any CPU.Build.0 = Release|Any CPU
	EndGlobalSection
	GlobalSection(SolutionProperties) = preSolution
		HideSolutionNode = FALSE
	EndGlobalSection
	GlobalSection(ExtensibilityGlobals) = postSolution
		SolutionGuid = {3161DB57-BCA4-49EA-9421-CC165DA94BC2}
	EndGlobalSection
EndGlobal
